
Microsoft Visual Studio Solution File, Format Version 12.00
# Visual Studio Version 17
VisualStudioVersion = 17.0.32112.339
MinimumVisualStudioVersion = 10.0.40219.1
Project("{FAE04EC0-301F-11D3-BF4B-00C04F79EFBC}") = "CSharpGroup1", "CSharpGroup1\CSharpGroup1.csproj", "{71F283AF-FE25-4895-8DEA-83799CA04691}"
EndProject
Global
	GlobalSection(SolutionConfigurationPlatforms) = preSolution
		Debug|Any CPU = Debug|Any CPU
		Release|Any CPU = Release|Any CPU
	EndGlobalSection
	GlobalSection(ProjectConfigurationPlatforms) = postSolution
		{71F283AF-FE25-4895-8DEA-83799CA04691}.Debug|Any CPU.ActiveCfg = Debug|Any CPU
		{71F283AF-FE25-4895-8DEA-83799CA04691}.Debug|Any CPU.Build.0 = Debug|Any CPU
		{71F283AF-FE25-4895-8DEA-83799CA04691}.Release|Any CPU.ActiveCfg = Release|Any CPU
		{71F283AF-FE25-4895-8DEA-83799CA04691}.Release|Any CPU.Build.0 = Release|Any CPU
	EndGlobalSection
	GlobalSection(SolutionProperties) = preSolution
		HideSolutionNode = FALSE
	EndGlobalSection
	GlobalSection(ExtensibilityGlobals) = postSolution
		SolutionGuid = {7C97B704-9C53-4AFC-9A21-4F3BF95BEE34}
	EndGlobalSection
EndGlobal
